
Microsoft Visual Studio Solution File, Format Version 12.00
# Visual Studio Version 17
VisualStudioVersion = 17.11.35327.3
MinimumVisualStudioVersion = 10.0.40219.1
Project("{FAE04EC0-301F-11D3-BF4B-00C04F79EFBC}") = "01_MainSubjetcs", "01_MainSubjetcs\01_MainSubjetcs.csproj", "{086666D1-699F-48F0-8993-F7A47B38A30D}"
EndProject
Project("{FAE04EC0-301F-11D3-BF4B-00C04F79EFBC}") = "02_Variables", "02_Variables\02_Variables.csproj", "{CAB04281-AB2D-446B-9E87-1FF6481567A0}"
EndProject
Global
	GlobalSection(SolutionConfigurationPlatforms) = preSolution
		Debug|Any CPU = Debug|Any CPU
		Release|Any CPU = Release|Any CPU
	EndGlobalSection
	GlobalSection(ProjectConfigurationPlatforms) = postSolution
		{086666D1-699F-48F0-8993-F7A47B38A30D}.Debug|Any CPU.ActiveCfg = Debug|Any CPU
		{086666D1-699F-48F0-8993-F7A47B38A30D}.Debug|Any CPU.Build.0 = Debug|Any CPU
		{086666D1-699F-48F0-8993-F7A47B38A30D}.Release|Any CPU.ActiveCfg = Release|Any CPU
		{086666D1-699F-48F0-8993-F7A47B38A30D}.Release|Any CPU.Build.0 = Release|Any CPU
		{CAB04281-AB2D-446B-9E87-1FF6481567A0}.Debug|Any CPU.ActiveCfg = Debug|Any CPU
		{CAB04281-AB2D-446B-9E87-1FF6481567A0}.Debug|Any CPU.Build.0 = Debug|Any CPU
		{CAB04281-AB2D-446B-9E87-1FF6481567A0}.Release|Any CPU.ActiveCfg = Release|Any CPU
		{CAB04281-AB2D-446B-9E87-1FF6481567A0}.Release|Any CPU.Build.0 = Release|Any CPU
	EndGlobalSection
	GlobalSection(SolutionProperties) = preSolution
		HideSolutionNode = FALSE
	EndGlobalSection
	GlobalSection(ExtensibilityGlobals) = postSolution
		SolutionGuid = {90678744-A442-46D6-B21F-5D5D1609A324}
	EndGlobalSection
EndGlobal
